
Microsoft Visual Studio Solution File, Format Version 12.00
# Visual Studio 14
VisualStudioVersion = 14.0.25420.1
MinimumVisualStudioVersion = 10.0.40219.1
Project("{FAE04EC0-301F-11D3-BF4B-00C04F79EFBC}") = "Demo", "Math Expression Parser\Demo.csproj", "{974897EF-3C89-495C-91C2-6B5DA1625903}"
EndProject
Project("{FAE04EC0-301F-11D3-BF4B-00C04F79EFBC}") = "SimpleMathParser", "SimpleMathParser\SimpleMathParser.csproj", "{E5535FC1-F709-4E70-A534-F89FB2294EEE}"
EndProject
Project("{FAE04EC0-301F-11D3-BF4B-00C04F79EFBC}") = "UnitTestProject", "UnitTestProject\UnitTestProject.csproj", "{E57A82C8-02FD-496D-A362-8E46E0679FC9}"
EndProject
Global
	GlobalSection(SolutionConfigurationPlatforms) = preSolution
		Debug|Any CPU = Debug|Any CPU
		Debug|x64 = Debug|x64
		Release|Any CPU = Release|Any CPU
		Release|x64 = Release|x64
	EndGlobalSection
	GlobalSection(ProjectConfigurationPlatforms) = postSolution
		{974897EF-3C89-495C-91C2-6B5DA1625903}.Debug|Any CPU.ActiveCfg = Debug|Any CPU
		{974897EF-3C89-495C-91C2-6B5DA1625903}.Debug|Any CPU.Build.0 = Debug|Any CPU
		{974897EF-3C89-495C-91C2-6B5DA1625903}.Debug|x64.ActiveCfg = Debug|x64
		{974897EF-3C89-495C-91C2-6B5DA1625903}.Debug|x64.Build.0 = Debug|x64
		{974897EF-3C89-495C-91C2-6B5DA1625903}.Release|Any CPU.ActiveCfg = Release|Any CPU
		{974897EF-3C89-495C-91C2-6B5DA1625903}.Release|Any CPU.Build.0 = Release|Any CPU
		{974897EF-3C89-495C-91C2-6B5DA1625903}.Release|x64.ActiveCfg = Release|x64
		{974897EF-3C89-495C-91C2-6B5DA1625903}.Release|x64.Build.0 = Release|x64
		{E5535FC1-F709-4E70-A534-F89FB2294EEE}.Debug|Any CPU.ActiveCfg = Debug|Any CPU
		{E5535FC1-F709-4E70-A534-F89FB2294EEE}.Debug|Any CPU.Build.0 = Debug|Any CPU
		{E5535FC1-F709-4E70-A534-F89FB2294EEE}.Debug|x64.ActiveCfg = Debug|x64
		{E5535FC1-F709-4E70-A534-F89FB2294EEE}.Debug|x64.Build.0 = Debug|x64
		{E5535FC1-F709-4E70-A534-F89FB2294EEE}.Release|Any CPU.ActiveCfg = Release|Any CPU
		{E5535FC1-F709-4E70-A534-F89FB2294EEE}.Release|Any CPU.Build.0 = Release|Any CPU
		{E5535FC1-F709-4E70-A534-F89FB2294EEE}.Release|x64.ActiveCfg = Release|x64
		{E5535FC1-F709-4E70-A534-F89FB2294EEE}.Release|x64.Build.0 = Release|x64
		{E57A82C8-02FD-496D-A362-8E46E0679FC9}.Debug|Any CPU.ActiveCfg = Debug|Any CPU
		{E57A82C8-02FD-496D-A362-8E46E0679FC9}.Debug|Any CPU.Build.0 = Debug|Any CPU
		{E57A82C8-02FD-496D-A362-8E46E0679FC9}.Debug|x64.ActiveCfg = Debug|x64
		{E57A82C8-02FD-496D-A362-8E46E0679FC9}.Debug|x64.Build.0 = Debug|x64
		{E57A82C8-02FD-496D-A362-8E46E0679FC9}.Release|Any CPU.ActiveCfg = Release|Any CPU
		{E57A82C8-02FD-496D-A362-8E46E0679FC9}.Release|Any CPU.Build.0 = Release|Any CPU
		{E57A82C8-02FD-496D-A362-8E46E0679FC9}.Release|x64.ActiveCfg = Release|x64
		{E57A82C8-02FD-496D-A362-8E46E0679FC9}.Release|x64.Build.0 = Release|x64
	EndGlobalSection
	GlobalSection(SolutionProperties) = preSolution
		HideSolutionNode = FALSE
	EndGlobalSection
EndGlobal
